
Microsoft Visual Studio Solution File, Format Version 12.00
# Visual Studio Version 17
VisualStudioVersion = 17.3.32819.101
MinimumVisualStudioVersion = 10.0.40219.1
Project("{FAE04EC0-301F-11D3-BF4B-00C04F79EFBC}") = "Tally Assignment2", "Tally Assignment2.csproj", "{984286F7-3167-4B49-B4F7-0065AF62333E}"
EndProject
Global
	GlobalSection(SolutionConfigurationPlatforms) = preSolution
		Debug|Any CPU = Debug|Any CPU
		Release|Any CPU = Release|Any CPU
	EndGlobalSection
	GlobalSection(ProjectConfigurationPlatforms) = postSolution
		{984286F7-3167-4B49-B4F7-0065AF62333E}.Debug|Any CPU.ActiveCfg = Debug|Any CPU
		{984286F7-3167-4B49-B4F7-0065AF62333E}.Debug|Any CPU.Build.0 = Debug|Any CPU
		{984286F7-3167-4B49-B4F7-0065AF62333E}.Release|Any CPU.ActiveCfg = Release|Any CPU
		{984286F7-3167-4B49-B4F7-0065AF62333E}.Release|Any CPU.Build.0 = Release|Any CPU
	EndGlobalSection
	GlobalSection(SolutionProperties) = preSolution
		HideSolutionNode = FALSE
	EndGlobalSection
	GlobalSection(ExtensibilityGlobals) = postSolution
		SolutionGuid = {AE40DB27-2A60-4AF0-B8AA-6380ECDC007E}
	EndGlobalSection
EndGlobal
